
Microsoft Visual Studio Solution File, Format Version 12.00
# Visual Studio 15
VisualStudioVersion = 15.0.26124.0
MinimumVisualStudioVersion = 15.0.26124.0
Project("{FAE04EC0-301F-11D3-BF4B-00C04F79EFBC}") = "Promotions", "Promotions\Promotions.csproj", "{AEFD1474-9BB3-43C5-AECF-86A86BB3CFA0}"
EndProject
Project("{FAE04EC0-301F-11D3-BF4B-00C04F79EFBC}") = "Promotions.Logic", "Promotions.Logic\Promotions.Logic.csproj", "{7770E169-A089-465D-A849-68A61F5F287A}"
EndProject
Project("{FAE04EC0-301F-11D3-BF4B-00C04F79EFBC}") = "Promotions.Logic.Test", "Promotions.Logic.Test\Promotions.Logic.Test.csproj", "{296D90C0-C6AC-4806-A9D5-414C348A79A5}"
EndProject
Project("{FAE04EC0-301F-11D3-BF4B-00C04F79EFBC}") = "Promotions.Entity", "Promotions.Entity\Promotions.Entity.csproj", "{5A0AB8C3-C440-43F2-A8C9-F95A7C209729}"
EndProject
Global
	GlobalSection(SolutionConfigurationPlatforms) = preSolution
		Debug|Any CPU = Debug|Any CPU
		Debug|x64 = Debug|x64
		Debug|x86 = Debug|x86
		Release|Any CPU = Release|Any CPU
		Release|x64 = Release|x64
		Release|x86 = Release|x86
	EndGlobalSection
	GlobalSection(SolutionProperties) = preSolution
		HideSolutionNode = FALSE
	EndGlobalSection
	GlobalSection(ProjectConfigurationPlatforms) = postSolution
		{AEFD1474-9BB3-43C5-AECF-86A86BB3CFA0}.Debug|Any CPU.ActiveCfg = Debug|Any CPU
		{AEFD1474-9BB3-43C5-AECF-86A86BB3CFA0}.Debug|Any CPU.Build.0 = Debug|Any CPU
		{AEFD1474-9BB3-43C5-AECF-86A86BB3CFA0}.Debug|x64.ActiveCfg = Debug|Any CPU
		{AEFD1474-9BB3-43C5-AECF-86A86BB3CFA0}.Debug|x64.Build.0 = Debug|Any CPU
		{AEFD1474-9BB3-43C5-AECF-86A86BB3CFA0}.Debug|x86.ActiveCfg = Debug|Any CPU
		{AEFD1474-9BB3-43C5-AECF-86A86BB3CFA0}.Debug|x86.Build.0 = Debug|Any CPU
		{AEFD1474-9BB3-43C5-AECF-86A86BB3CFA0}.Release|Any CPU.ActiveCfg = Release|Any CPU
		{AEFD1474-9BB3-43C5-AECF-86A86BB3CFA0}.Release|Any CPU.Build.0 = Release|Any CPU
		{AEFD1474-9BB3-43C5-AECF-86A86BB3CFA0}.Release|x64.ActiveCfg = Release|Any CPU
		{AEFD1474-9BB3-43C5-AECF-86A86BB3CFA0}.Release|x64.Build.0 = Release|Any CPU
		{AEFD1474-9BB3-43C5-AECF-86A86BB3CFA0}.Release|x86.ActiveCfg = Release|Any CPU
		{AEFD1474-9BB3-43C5-AECF-86A86BB3CFA0}.Release|x86.Build.0 = Release|Any CPU
		{7770E169-A089-465D-A849-68A61F5F287A}.Debug|Any CPU.ActiveCfg = Debug|Any CPU
		{7770E169-A089-465D-A849-68A61F5F287A}.Debug|Any CPU.Build.0 = Debug|Any CPU
		{7770E169-A089-465D-A849-68A61F5F287A}.Debug|x64.ActiveCfg = Debug|Any CPU
		{7770E169-A089-465D-A849-68A61F5F287A}.Debug|x64.Build.0 = Debug|Any CPU
		{7770E169-A089-465D-A849-68A61F5F287A}.Debug|x86.ActiveCfg = Debug|Any CPU
		{7770E169-A089-465D-A849-68A61F5F287A}.Debug|x86.Build.0 = Debug|Any CPU
		{7770E169-A089-465D-A849-68A61F5F287A}.Release|Any CPU.ActiveCfg = Release|Any CPU
		{7770E169-A089-465D-A849-68A61F5F287A}.Release|Any CPU.Build.0 = Release|Any CPU
		{7770E169-A089-465D-A849-68A61F5F287A}.Release|x64.ActiveCfg = Release|Any CPU
		{7770E169-A089-465D-A849-68A61F5F287A}.Release|x64.Build.0 = Release|Any CPU
		{7770E169-A089-465D-A849-68A61F5F287A}.Release|x86.ActiveCfg = Release|Any CPU
		{7770E169-A089-465D-A849-68A61F5F287A}.Release|x86.Build.0 = Release|Any CPU
		{296D90C0-C6AC-4806-A9D5-414C348A79A5}.Debug|Any CPU.ActiveCfg = Debug|Any CPU
		{296D90C0-C6AC-4806-A9D5-414C348A79A5}.Debug|Any CPU.Build.0 = Debug|Any CPU
		{296D90C0-C6AC-4806-A9D5-414C348A79A5}.Debug|x64.ActiveCfg = Debug|Any CPU
		{296D90C0-C6AC-4806-A9D5-414C348A79A5}.Debug|x64.Build.0 = Debug|Any CPU
		{296D90C0-C6AC-4806-A9D5-414C348A79A5}.Debug|x86.ActiveCfg = Debug|Any CPU
		{296D90C0-C6AC-4806-A9D5-414C348A79A5}.Debug|x86.Build.0 = Debug|Any CPU
		{296D90C0-C6AC-4806-A9D5-414C348A79A5}.Release|Any CPU.ActiveCfg = Release|Any CPU
		{296D90C0-C6AC-4806-A9D5-414C348A79A5}.Release|Any CPU.Build.0 = Release|Any CPU
		{296D90C0-C6AC-4806-A9D5-414C348A79A5}.Release|x64.ActiveCfg = Release|Any CPU
		{296D90C0-C6AC-4806-A9D5-414C348A79A5}.Release|x64.Build.0 = Release|Any CPU
		{296D90C0-C6AC-4806-A9D5-414C348A79A5}.Release|x86.ActiveCfg = Release|Any CPU
		{296D90C0-C6AC-4806-A9D5-414C348A79A5}.Release|x86.Build.0 = Release|Any CPU
		{5A0AB8C3-C440-43F2-A8C9-F95A7C209729}.Debug|Any CPU.ActiveCfg = Debug|Any CPU
		{5A0AB8C3-C440-43F2-A8C9-F95A7C209729}.Debug|Any CPU.Build.0 = Debug|Any CPU
		{5A0AB8C3-C440-43F2-A8C9-F95A7C209729}.Debug|x64.ActiveCfg = Debug|Any CPU
		{5A0AB8C3-C440-43F2-A8C9-F95A7C209729}.Debug|x64.Build.0 = Debug|Any CPU
		{5A0AB8C3-C440-43F2-A8C9-F95A7C209729}.Debug|x86.ActiveCfg = Debug|Any CPU
		{5A0AB8C3-C440-43F2-A8C9-F95A7C209729}.Debug|x86.Build.0 = Debug|Any CPU
		{5A0AB8C3-C440-43F2-A8C9-F95A7C209729}.Release|Any CPU.ActiveCfg = Release|Any CPU
		{5A0AB8C3-C440-43F2-A8C9-F95A7C209729}.Release|Any CPU.Build.0 = Release|Any CPU
		{5A0AB8C3-C440-43F2-A8C9-F95A7C209729}.Release|x64.ActiveCfg = Release|Any CPU
		{5A0AB8C3-C440-43F2-A8C9-F95A7C209729}.Release|x64.Build.0 = Release|Any CPU
		{5A0AB8C3-C440-43F2-A8C9-F95A7C209729}.Release|x86.ActiveCfg = Release|Any CPU
		{5A0AB8C3-C440-43F2-A8C9-F95A7C209729}.Release|x86.Build.0 = Release|Any CPU
	EndGlobalSection
EndGlobal
